
Microsoft Visual Studio Solution File, Format Version 12.00
# Visual Studio Version 16
VisualStudioVersion = 16.0.30517.126
MinimumVisualStudioVersion = 10.0.40219.1
Project("{FAE04EC0-301F-11D3-BF4B-00C04F79EFBC}") = "VaR", "VaR\VaR.csproj", "{980247C4-3206-4F7A-A667-DFB674AE1FAB}"
EndProject
Global
	GlobalSection(SolutionConfigurationPlatforms) = preSolution
		Debug|Any CPU = Debug|Any CPU
		Release|Any CPU = Release|Any CPU
	EndGlobalSection
	GlobalSection(ProjectConfigurationPlatforms) = postSolution
		{980247C4-3206-4F7A-A667-DFB674AE1FAB}.Debug|Any CPU.ActiveCfg = Debug|Any CPU
		{980247C4-3206-4F7A-A667-DFB674AE1FAB}.Debug|Any CPU.Build.0 = Debug|Any CPU
		{980247C4-3206-4F7A-A667-DFB674AE1FAB}.Release|Any CPU.ActiveCfg = Release|Any CPU
		{980247C4-3206-4F7A-A667-DFB674AE1FAB}.Release|Any CPU.Build.0 = Release|Any CPU
	EndGlobalSection
	GlobalSection(SolutionProperties) = preSolution
		HideSolutionNode = FALSE
	EndGlobalSection
	GlobalSection(ExtensibilityGlobals) = postSolution
		SolutionGuid = {2E9F722A-F7DD-4505-9226-28F0B4BF4054}
	EndGlobalSection
EndGlobal
